
Microsoft Visual Studio Solution File, Format Version 12.00
# Visual Studio Version 17
VisualStudioVersion = 17.6.33829.357
MinimumVisualStudioVersion = 10.0.40219.1
Project("{2150E333-8FDC-42A3-9474-1A3956D46DE8}") = "Solution Items", "Solution Items", "{9D8FB767-F7A7-4A5B-A4E9-DC6DB6BCD941}"
	ProjectSection(SolutionItems) = preProject
		CHANGELOG.md = CHANGELOG.md
		.github\workflows\dotnet.yml = .github\workflows\dotnet.yml
		README.md = README.md
	EndProjectSection
EndProject
Project("{FAE04EC0-301F-11D3-BF4B-00C04F79EFBC}") = "BffOidc.Server", "server\BffOidc.Server.csproj", "{6C879A0D-453D-41E2-970B-58B4BD45FB95}"
EndProject
Project("{FAE04EC0-301F-11D3-BF4B-00C04F79EFBC}") = "IdentityProvider", "IdentityProvider\IdentityProvider.csproj", "{16ED6BD1-57B3-4C21-8F1A-4E49EF8EDB00}"
EndProject
Global
	GlobalSection(SolutionConfigurationPlatforms) = preSolution
		Debug|Any CPU = Debug|Any CPU
		Release|Any CPU = Release|Any CPU
	EndGlobalSection
	GlobalSection(ProjectConfigurationPlatforms) = postSolution
		{6C879A0D-453D-41E2-970B-58B4BD45FB95}.Debug|Any CPU.ActiveCfg = Debug|Any CPU
		{6C879A0D-453D-41E2-970B-58B4BD45FB95}.Debug|Any CPU.Build.0 = Debug|Any CPU
		{6C879A0D-453D-41E2-970B-58B4BD45FB95}.Release|Any CPU.ActiveCfg = Release|Any CPU
		{6C879A0D-453D-41E2-970B-58B4BD45FB95}.Release|Any CPU.Build.0 = Release|Any CPU
		{16ED6BD1-57B3-4C21-8F1A-4E49EF8EDB00}.Debug|Any CPU.ActiveCfg = Debug|Any CPU
		{16ED6BD1-57B3-4C21-8F1A-4E49EF8EDB00}.Debug|Any CPU.Build.0 = Debug|Any CPU
		{16ED6BD1-57B3-4C21-8F1A-4E49EF8EDB00}.Release|Any CPU.ActiveCfg = Release|Any CPU
		{16ED6BD1-57B3-4C21-8F1A-4E49EF8EDB00}.Release|Any CPU.Build.0 = Release|Any CPU
	EndGlobalSection
	GlobalSection(SolutionProperties) = preSolution
		HideSolutionNode = FALSE
	EndGlobalSection
	GlobalSection(ExtensibilityGlobals) = postSolution
		SolutionGuid = {BD95AC6A-7177-42CE-AB6C-8BFF7958FDC2}
	EndGlobalSection
EndGlobal
